Microsoft Visual Studio Solution File, Format Version 12.00
# Visual Studio Version 17
VisualStudioVersion = 17.0.31829.152
MinimumVisualStudioVersion = 10.0.40219.1
Project("{FAE04EC0-301F-11D3-BF4B-00C04F79EFBC}") = "BillManager", "BillManager\BillManager.csproj", "{F7A7238E-77A1-4C0B-8D0E-8CC3A0B9F328}"
EndProject
Global
	GlobalSection(SolutionConfigurationPlatforms) = preSolution
		Debug|Any CPU = Debug|Any CPU
		Release|Any CPU = Release|Any CPU
	EndGlobalSection
	GlobalSection(ProjectConfigurationPlatforms) = postSolution
		{F7A7238E-77A1-4C0B-8D0E-8CC3A0B9F328}.Debug|Any CPU.ActiveCfg = Debug|Any CPU
		{F7A7238E-77A1-4C0B-8D0E-8CC3A0B9F328}.Debug|Any CPU.Build.0 = Debug|Any CPU
		{F7A7238E-77A1-4C0B-8D0E-8CC3A0B9F328}.Release|Any CPU.ActiveCfg = Release|Any CPU
		{F7A7238E-77A1-4C0B-8D0E-8CC3A0B9F328}.Release|Any CPU.Build.0 = Release|Any CPU
	EndGlobalSection
	GlobalSection(SolutionProperties) = preSolution
		HideSolutionNode = FALSE
	EndGlobalSection
	GlobalSection(ExtensibilityGlobals) = postSolution
		SolutionGuid = {CE2BB4CA-096D-4AD0-B40E-54915C43D44D}
	EndGlobalSection
EndGlobal

